
Microsoft Visual Studio Solution File, Format Version 11.00
# Visual Studio 2010
Project("{FAE04EC0-301F-11D3-BF4B-00C04F79EFBC}") = "ReadSaveData", "ReadSaveData\ReadSaveData.csproj", "{D64BFB73-E1E1-4DE0-BAE0-FC9B793A0CD4}"
EndProject
Global
	GlobalSection(SolutionConfigurationPlatforms) = preSolution
		Debug|iPhoneSimulator = Debug|iPhoneSimulator
		Release|iPhoneSimulator = Release|iPhoneSimulator
		Debug|iPhone = Debug|iPhone
		Release|iPhone = Release|iPhone
		Ad-Hoc|iPhone = Ad-Hoc|iPhone
		AppStore|iPhone = AppStore|iPhone
	EndGlobalSection
	GlobalSection(ProjectConfigurationPlatforms) = postSolution
		{D64BFB73-E1E1-4DE0-BAE0-FC9B793A0CD4}.Ad-Hoc|iPhone.ActiveCfg = Ad-Hoc|iPhone
		{D64BFB73-E1E1-4DE0-BAE0-FC9B793A0CD4}.Ad-Hoc|iPhone.Build.0 = Ad-Hoc|iPhone
		{D64BFB73-E1E1-4DE0-BAE0-FC9B793A0CD4}.AppStore|iPhone.ActiveCfg = AppStore|iPhone
		{D64BFB73-E1E1-4DE0-BAE0-FC9B793A0CD4}.AppStore|iPhone.Build.0 = AppStore|iPhone
		{D64BFB73-E1E1-4DE0-BAE0-FC9B793A0CD4}.Debug|iPhone.ActiveCfg = Debug|iPhone
		{D64BFB73-E1E1-4DE0-BAE0-FC9B793A0CD4}.Debug|iPhone.Build.0 = Debug|iPhone
		{D64BFB73-E1E1-4DE0-BAE0-FC9B793A0CD4}.Debug|iPhoneSimulator.ActiveCfg = Debug|iPhoneSimulator
		{D64BFB73-E1E1-4DE0-BAE0-FC9B793A0CD4}.Debug|iPhoneSimulator.Build.0 = Debug|iPhoneSimulator
		{D64BFB73-E1E1-4DE0-BAE0-FC9B793A0CD4}.Release|iPhone.ActiveCfg = Release|iPhone
		{D64BFB73-E1E1-4DE0-BAE0-FC9B793A0CD4}.Release|iPhone.Build.0 = Release|iPhone
		{D64BFB73-E1E1-4DE0-BAE0-FC9B793A0CD4}.Release|iPhoneSimulator.ActiveCfg = Release|iPhoneSimulator
		{D64BFB73-E1E1-4DE0-BAE0-FC9B793A0CD4}.Release|iPhoneSimulator.Build.0 = Release|iPhoneSimulator
	EndGlobalSection
	GlobalSection(MonoDevelopProperties) = preSolution
		StartupItem = ReadSaveData\ReadSaveData.csproj
	EndGlobalSection
EndGlobal
